// !$*UTF8*$!
{
	archiveVersion = 1;
	classes = {
	};
	objectVersion = 46;
	objects = {

/* Begin PBXBuildFile section */
		0F87A46915AE34E400F86E9A /* AsyncImageView.m in Sources */ = {isa = PBXBuildFile; fileRef = 0F87A46815AE34E400F86E9A /* AsyncImageView.m */; };
		0F87A46B15AE354600F86E9A /* QuartzCore.framework in Frameworks */ = {isa = PBXBuildFile; fileRef = 0F87A46A15AE354600F86E9A /* QuartzCore.framework */; };
		0F87A46C15AE3CCB00F86E9A /* GridViewController.m in Sources */ = {isa = PBXBuildFile; fileRef = 0F87A46115AE339000F86E9A /* GridViewController.m */; };
		0F87A46D15AE3CCB00F86E9A /* ThumbnailViewController.m in Sources */ = {isa = PBXBuildFile; fileRef = 0F87A46415AE339000F86E9A /* ThumbnailViewController.m */; };
		0FA6A50715A8E13100BAE351 /* UIKit.framework in Frameworks */ = {isa = PBXBuildFile; fileRef = 0FA6A50615A8E13100BAE351 /* UIKit.framework */; };
		0FA6A50915A8E13100BAE351 /* Foundation.framework in Frameworks */ = {isa = PBXBuildFile; fileRef = 0FA6A50815A8E13100BAE351 /* Foundation.framework */; };
		0FA6A50B15A8E13100BAE351 /* CoreGraphics.framework in Frameworks */ = {isa = PBXBuildFile; fileRef = 0FA6A50A15A8E13100BAE351 /* CoreGraphics.framework */; };
		0FA6A51115A8E13100BAE351 /* InfoPlist.strings in Resources */ = {isa = PBXBuildFile; fileRef = 0FA6A50F15A8E13100BAE351 /* InfoPlist.strings */; };
		0FA6A51315A8E13100BAE351 /* main.m in Sources */ = {isa = PBXBuildFile; fileRef = 0FA6A51215A8E13100BAE351 /* main.m */; };
		0FA6A51D15A8E13100BAE351 /* ViewController_iPhone.xib in Resources */ = {isa = PBXBuildFile; fileRef = 0FA6A51B15A8E13100BAE351 /* ViewController_iPhone.xib */; };
		0FA6A52015A8E13100BAE351 /* ViewController_iPad.xib in Resources */ = {isa = PBXBuildFile; fileRef = 0FA6A51E15A8E13100BAE351 /* ViewController_iPad.xib */; };
		0FA6A54A15A8E2D900BAE351 /* AppDelegate.m in Sources */ = {isa = PBXBuildFile; fileRef = 0FA6A54915A8E2D900BAE351 /* AppDelegate.m */; };
		0FA6A54D15A8E2E800BAE351 /* ViewController.m in Sources */ = {isa = PBXBuildFile; fileRef = 0FA6A54C15A8E2E800BAE351 /* ViewController.m */; };
		0FA6A55815A8EC0800BAE351 /* HttpConnection.m in Sources */ = {isa = PBXBuildFile; fileRef = 0FA6A55715A8EC0800BAE351 /* HttpConnection.m */; };
		0FBABBA715B20C2200E6DEE9 /* SearchViewController.m in Sources */ = {isa = PBXBuildFile; fileRef = 0FBABBA615B20C2200E6DEE9 /* SearchViewController.m */; };
		0FBABBAB15B20C3700E6DEE9 /* RecentViewController.m in Sources */ = {isa = PBXBuildFile; fileRef = 0FBABBAA15B20C3700E6DEE9 /* RecentViewController.m */; };
		0FBABBBE15B320E700E6DEE9 /* SingleImageView.m in Sources */ = {isa = PBXBuildFile; fileRef = 0FBABBBD15B320E700E6DEE9 /* SingleImageView.m */; };
		0FD5D3F815AAE08800D7A4C8 /* CoreLocation.framework in Frameworks */ = {isa = PBXBuildFile; fileRef = 0FD5D3F715AAE08800D7A4C8 /* CoreLocation.framework */; };
		0FD5D3FC15AAE2DA00D7A4C8 /* MediaObject.m in Sources */ = {isa = PBXBuildFile; fileRef = 0FD5D3FB15AAE2DA00D7A4C8 /* MediaObject.m */; };
		0FD5D40415AAE4D300D7A4C8 /* MediaHandler.m in Sources */ = {isa = PBXBuildFile; fileRef = 0FD5D40315AAE4D200D7A4C8 /* MediaHandler.m */; };
		0FD5D40715AAEBEB00D7A4C8 /* Reachability.m in Sources */ = {isa = PBXBuildFile; fileRef = 0FD5D40615AAEBEB00D7A4C8 /* Reachability.m */; };
		0FD5D40D15AAEC8700D7A4C8 /* SystemConfiguration.framework in Frameworks */ = {isa = PBXBuildFile; fileRef = 0FD5D40C15AAEC8700D7A4C8 /* SystemConfiguration.framework */; };
		0FD5D41015AAF47500D7A4C8 /* MediaParser.m in Sources */ = {isa = PBXBuildFile; fileRef = 0FD5D40F15AAF47500D7A4C8 /* MediaParser.m */; };
		0FF1EDF015AF598800B97647 /* GridViewController_iPad.xib in Resources */ = {isa = PBXBuildFile; fileRef = 0FF1EDEF15AF598800B97647 /* GridViewController_iPad.xib */; };
		0FF1EDF215AF59AA00B97647 /* GridViewController_iPhone.xib in Resources */ = {isa = PBXBuildFile; fileRef = 0FF1EDF115AF59AA00B97647 /* GridViewController_iPhone.xib */; };
		0FF1EDF415AF59F200B97647 /* ThumbnailViewController_iPhone.xib in Resources */ = {isa = PBXBuildFile; fileRef = 0FF1EDF315AF59F200B97647 /* ThumbnailViewController_iPhone.xib */; };
		0FF1EDF615AF59FE00B97647 /* ThumbnailViewController_iPad.xib in Resources */ = {isa = PBXBuildFile; fileRef = 0FF1EDF515AF59FD00B97647 /* ThumbnailViewController_iPad.xib */; };
		0FF1EDF815AF9D9000B97647 /* Localizable.strings in Resources */ = {isa = PBXBuildFile; fileRef = 0FF1EDF715AF9D9000B97647 /* Localizable.strings */; };
		0FF1EE0815B0DE8C00B97647 /* ChoosePlaceViewController.m in Sources */ = {isa = PBXBuildFile; fileRef = 0FF1EE0715B0DE8C00B97647 /* ChoosePlaceViewController.m */; };
/* End PBXBuildFile section */

/* Begin PBXFileReference section */
		0F87A46015AE339000F86E9A /* GridViewController.h */ = {isa = PBXFileReference; lastKnownFileType = sourcecode.c.h; path = GridViewController.h; sourceTree = "<group>"; };
		0F87A46115AE339000F86E9A /* GridViewController.m */ = {isa = PBXFileReference; lastKnownFileType = sourcecode.c.objc; path = GridViewController.m; sourceTree = "<group>"; };
		0F87A46315AE339000F86E9A /* ThumbnailViewController.h */ = {isa = PBXFileReference; lastKnownFileType = sourcecode.c.h; path = ThumbnailViewController.h; sourceTree = "<group>"; };
		0F87A46415AE339000F86E9A /* ThumbnailViewController.m */ = {isa = PBXFileReference; lastKnownFileType = sourcecode.c.objc; path = ThumbnailViewController.m; sourceTree = "<group>"; };
		0F87A46715AE34E400F86E9A /* AsyncImageView.h */ = {isa = PBXFileReference; fileEncoding = 4; lastKnownFileType = sourcecode.c.h; path = AsyncImageView.h; sourceTree = "<group>"; };
		0F87A46815AE34E400F86E9A /* AsyncImageView.m */ = {isa = PBXFileReference; fileEncoding = 4; lastKnownFileType = sourcecode.c.objc; path = AsyncImageView.m; sourceTree = "<group>"; };
		0F87A46A15AE354600F86E9A /* QuartzCore.framework */ = {isa = PBXFileReference; lastKnownFileType = wrapper.framework; name = QuartzCore.framework; path = System/Library/Frameworks/QuartzCore.framework; sourceTree = SDKROOT; };
		0FA6A50215A8E13100BAE351 /* FooAround.app */ = {isa = PBXFileReference; explicitFileType = wrapper.application; includeInIndex = 0; path = FooAround.app; sourceTree = BUILT_PRODUCTS_DIR; };
		0FA6A50615A8E13100BAE351 /* UIKit.framework */ = {isa = PBXFileReference; lastKnownFileType = wrapper.framework; name = UIKit.framework; path = System/Library/Frameworks/UIKit.framework; sourceTree = SDKROOT; };
		0FA6A50815A8E13100BAE351 /* Foundation.framework */ = {isa = PBXFileReference; lastKnownFileType = wrapper.framework; name = Foundation.framework; path = System/Library/Frameworks/Foundation.framework; sourceTree = SDKROOT; };
		0FA6A50A15A8E13100BAE351 /* CoreGraphics.framework */ = {isa = PBXFileReference; lastKnownFileType = wrapper.framework; name = CoreGraphics.framework; path = System/Library/Frameworks/CoreGraphics.framework; sourceTree = SDKROOT; };
		0FA6A50E15A8E13100BAE351 /* FooAround-Info.plist */ = {isa = PBXFileReference; lastKnownFileType = text.plist.xml; path = "FooAround-Info.plist"; sourceTree = "<group>"; };
		0FA6A51015A8E13100BAE351 /* en */ = {isa = PBXFileReference; lastKnownFileType = text.plist.strings; name = en; path = en.lproj/InfoPlist.strings; sourceTree = "<group>"; };
		0FA6A51215A8E13100BAE351 /* main.m */ = {isa = PBXFileReference; lastKnownFileType = sourcecode.c.objc; path = main.m; sourceTree = "<group>"; };
		0FA6A51415A8E13100BAE351 /* FooAround-Prefix.pch */ = {isa = PBXFileReference; lastKnownFileType = sourcecode.c.h; path = "FooAround-Prefix.pch"; sourceTree = "<group>"; };
		0FA6A51C15A8E13100BAE351 /* en */ = {isa = PBXFileReference; lastKnownFileType = file.xib; name = en; path = en.lproj/ViewController_iPhone.xib; sourceTree = "<group>"; };
		0FA6A51F15A8E13100BAE351 /* en */ = {isa = PBXFileReference; lastKnownFileType = file.xib; name = en; path = en.lproj/ViewController_iPad.xib; sourceTree = "<group>"; };
		0FA6A54815A8E2D900BAE351 /* AppDelegate.h */ = {isa = PBXFileReference; fileEncoding = 4; lastKnownFileType = sourcecode.c.h; path = AppDelegate.h; sourceTree = "<group>"; };
		0FA6A54915A8E2D900BAE351 /* AppDelegate.m */ = {isa = PBXFileReference; fileEncoding = 4; lastKnownFileType = sourcecode.c.objc; path = AppDelegate.m; sourceTree = "<group>"; };
		0FA6A54B15A8E2E800BAE351 /* ViewController.h */ = {isa = PBXFileReference; fileEncoding = 4; lastKnownFileType = sourcecode.c.h; path = ViewController.h; sourceTree = "<group>"; };
		0FA6A54C15A8E2E800BAE351 /* ViewController.m */ = {isa = PBXFileReference; fileEncoding = 4; lastKnownFileType = sourcecode.c.objc; path = ViewController.m; sourceTree = "<group>"; };
		0FA6A55615A8EC0800BAE351 /* HttpConnection.h */ = {isa = PBXFileReference; fileEncoding = 4; lastKnownFileType = sourcecode.c.h; path = HttpConnection.h; sourceTree = "<group>"; };
		0FA6A55715A8EC0800BAE351 /* HttpConnection.m */ = {isa = PBXFileReference; fileEncoding = 4; lastKnownFileType = sourcecode.c.objc; path = HttpConnection.m; sourceTree = "<group>"; };
		0FA6A55915A8EC5900BAE351 /* Result.h */ = {isa = PBXFileReference; fileEncoding = 4; lastKnownFileType = sourcecode.c.h; path = Result.h; sourceTree = "<group>"; };
		0FBABBA515B20C2200E6DEE9 /* SearchViewController.h */ = {isa = PBXFileReference; fileEncoding = 4; lastKnownFileType = sourcecode.c.h; path = SearchViewController.h; sourceTree = "<group>"; };
		0FBABBA615B20C2200E6DEE9 /* SearchViewController.m */ = {isa = PBXFileReference; fileEncoding = 4; lastKnownFileType = sourcecode.c.objc; path = SearchViewController.m; sourceTree = "<group>"; };
		0FBABBA915B20C3700E6DEE9 /* RecentViewController.h */ = {isa = PBXFileReference; fileEncoding = 4; lastKnownFileType = sourcecode.c.h; path = RecentViewController.h; sourceTree = "<group>"; };
		0FBABBAA15B20C3700E6DEE9 /* RecentViewController.m */ = {isa = PBXFileReference; fileEncoding = 4; lastKnownFileType = sourcecode.c.objc; path = RecentViewController.m; sourceTree = "<group>"; };
		0FBABBAC15B217BC00E6DEE9 /* WannaHideDelegate.h */ = {isa = PBXFileReference; lastKnownFileType = sourcecode.c.h; path = WannaHideDelegate.h; sourceTree = "<group>"; };
		0FBABBBB15B22E0A00E6DEE9 /* LocationSelectedDelegate.h */ = {isa = PBXFileReference; lastKnownFileType = sourcecode.c.h; path = LocationSelectedDelegate.h; sourceTree = "<group>"; };
		0FBABBBC15B320E600E6DEE9 /* SingleImageView.h */ = {isa = PBXFileReference; fileEncoding = 4; lastKnownFileType = sourcecode.c.h; path = SingleImageView.h; sourceTree = "<group>"; };
		0FBABBBD15B320E700E6DEE9 /* SingleImageView.m */ = {isa = PBXFileReference; fileEncoding = 4; lastKnownFileType = sourcecode.c.objc; path = SingleImageView.m; sourceTree = "<group>"; };
		0FD5D3F715AAE08800D7A4C8 /* CoreLocation.framework */ = {isa = PBXFileReference; lastKnownFileType = wrapper.framework; name = CoreLocation.framework; path = System/Library/Frameworks/CoreLocation.framework; sourceTree = SDKROOT; };
		0FD5D3FA15AAE2DA00D7A4C8 /* MediaObject.h */ = {isa = PBXFileReference; fileEncoding = 4; lastKnownFileType = sourcecode.c.h; path = MediaObject.h; sourceTree = "<group>"; };
		0FD5D3FB15AAE2DA00D7A4C8 /* MediaObject.m */ = {isa = PBXFileReference; fileEncoding = 4; lastKnownFileType = sourcecode.c.objc; path = MediaObject.m; sourceTree = "<group>"; };
		0FD5D40215AAE4D200D7A4C8 /* MediaHandler.h */ = {isa = PBXFileReference; fileEncoding = 4; lastKnownFileType = sourcecode.c.h; path = MediaHandler.h; sourceTree = "<group>"; };
		0FD5D40315AAE4D200D7A4C8 /* MediaHandler.m */ = {isa = PBXFileReference; fileEncoding = 4; lastKnownFileType = sourcecode.c.objc; path = MediaHandler.m; sourceTree = "<group>"; };
		0FD5D40515AAEBEB00D7A4C8 /* Reachability.h */ = {isa = PBXFileReference; fileEncoding = 4; lastKnownFileType = sourcecode.c.h; path = Reachability.h; sourceTree = "<group>"; };
		0FD5D40615AAEBEB00D7A4C8 /* Reachability.m */ = {isa = PBXFileReference; fileEncoding = 4; lastKnownFileType = sourcecode.c.objc; path = Reachability.m; sourceTree = "<group>"; };
		0FD5D40C15AAEC8700D7A4C8 /* SystemConfiguration.framework */ = {isa = PBXFileReference; lastKnownFileType = wrapper.framework; name = SystemConfiguration.framework; path = System/Library/Frameworks/SystemConfiguration.framework; sourceTree = SDKROOT; };
		0FD5D40E15AAF47500D7A4C8 /* MediaParser.h */ = {isa = PBXFileReference; fileEncoding = 4; lastKnownFileType = sourcecode.c.h; path = MediaParser.h; sourceTree = "<group>"; };
		0FD5D40F15AAF47500D7A4C8 /* MediaParser.m */ = {isa = PBXFileReference; fileEncoding = 4; lastKnownFileType = sourcecode.c.objc; path = MediaParser.m; sourceTree = "<group>"; };
		0FF1EDEF15AF598800B97647 /* GridViewController_iPad.xib */ = {isa = PBXFileReference; fileEncoding = 4; lastKnownFileType = file.xib; path = GridViewController_iPad.xib; sourceTree = "<group>"; };
		0FF1EDF115AF59AA00B97647 /* GridViewController_iPhone.xib */ = {isa = PBXFileReference; fileEncoding = 4; lastKnownFileType = file.xib; path = GridViewController_iPhone.xib; sourceTree = "<group>"; };
		0FF1EDF315AF59F200B97647 /* ThumbnailViewController_iPhone.xib */ = {isa = PBXFileReference; fileEncoding = 4; lastKnownFileType = file.xib; path = ThumbnailViewController_iPhone.xib; sourceTree = "<group>"; };
		0FF1EDF515AF59FD00B97647 /* ThumbnailViewController_iPad.xib */ = {isa = PBXFileReference; fileEncoding = 4; lastKnownFileType = file.xib; path = ThumbnailViewController_iPad.xib; sourceTree = "<group>"; };
		0FF1EDF715AF9D9000B97647 /* Localizable.strings */ = {isa = PBXFileReference; fileEncoding = 4; lastKnownFileType = text.plist.strings; path = Localizable.strings; sourceTree = "<group>"; };
		0FF1EE0615B0DE8C00B97647 /* ChoosePlaceViewController.h */ = {isa = PBXFileReference; fileEncoding = 4; lastKnownFileType = sourcecode.c.h; path = ChoosePlaceViewController.h; sourceTree = "<group>"; };
		0FF1EE0715B0DE8C00B97647 /* ChoosePlaceViewController.m */ = {isa = PBXFileReference; fileEncoding = 4; lastKnownFileType = sourcecode.c.objc; path = ChoosePlaceViewController.m; sourceTree = "<group>"; };
/* End PBXFileReference section */

/* Begin PBXFrameworksBuildPhase section */
		0FA6A4FF15A8E13100BAE351 /* Frameworks */ = {
			isa = PBXFrameworksBuildPhase;
			buildActionMask = 2147483647;
			files = (
				0FD5D3F815AAE08800D7A4C8 /* CoreLocation.framework in Frameworks */,
				0F87A46B15AE354600F86E9A /* QuartzCore.framework in Frameworks */,
				0FD5D40D15AAEC8700D7A4C8 /* SystemConfiguration.framework in Frameworks */,
				0FA6A50715A8E13100BAE351 /* UIKit.framework in Frameworks */,
				0FA6A50915A8E13100BAE351 /* Foundation.framework in Frameworks */,
				0FA6A50B15A8E13100BAE351 /* CoreGraphics.framework in Frameworks */,
			);
			runOnlyForDeploymentPostprocessing = 0;
		};
/* End PBXFrameworksBuildPhase section */

/* Begin PBXGroup section */
		0F87A46615AE34E400F86E9A /* AsyncImageView */ = {
			isa = PBXGroup;
			children = (
				0F87A46715AE34E400F86E9A /* AsyncImageView.h */,
				0F87A46815AE34E400F86E9A /* AsyncImageView.m */,
			);
			path = AsyncImageView;
			sourceTree = "<group>";
		};
		0FA6A4F715A8E13100BAE351 = {
			isa = PBXGroup;
			children = (
				0F87A46A15AE354600F86E9A /* QuartzCore.framework */,
				0FD5D40C15AAEC8700D7A4C8 /* SystemConfiguration.framework */,
				0FD5D3F715AAE08800D7A4C8 /* CoreLocation.framework */,
				0FA6A50C15A8E13100BAE351 /* FooAround */,
				0FA6A50515A8E13100BAE351 /* Frameworks */,
				0FA6A50315A8E13100BAE351 /* Products */,
			);
			sourceTree = "<group>";
		};
		0FA6A50315A8E13100BAE351 /* Products */ = {
			isa = PBXGroup;
			children = (
				0FA6A50215A8E13100BAE351 /* FooAround.app */,
			);
			name = Products;
			sourceTree = "<group>";
		};
		0FA6A50515A8E13100BAE351 /* Frameworks */ = {
			isa = PBXGroup;
			children = (
				0FA6A50615A8E13100BAE351 /* UIKit.framework */,
				0FA6A50815A8E13100BAE351 /* Foundation.framework */,
				0FA6A50A15A8E13100BAE351 /* CoreGraphics.framework */,
			);
			name = Frameworks;
			sourceTree = "<group>";
		};
		0FA6A50C15A8E13100BAE351 /* FooAround */ = {
			isa = PBXGroup;
			children = (
				0FA6A54515A8E2A100BAE351 /* Classes */,
				0FA6A51B15A8E13100BAE351 /* ViewController_iPhone.xib */,
				0FA6A51E15A8E13100BAE351 /* ViewController_iPad.xib */,
				0FA6A50D15A8E13100BAE351 /* Supporting Files */,
			);
			path = FooAround;
			sourceTree = "<group>";
		};
		0FA6A50D15A8E13100BAE351 /* Supporting Files */ = {
			isa = PBXGroup;
			children = (
				0FA6A50E15A8E13100BAE351 /* FooAround-Info.plist */,
				0FA6A50F15A8E13100BAE351 /* InfoPlist.strings */,
				0FA6A51215A8E13100BAE351 /* main.m */,
				0FA6A51415A8E13100BAE351 /* FooAround-Prefix.pch */,
				0FF1EDF715AF9D9000B97647 /* Localizable.strings */,
			);
			name = "Supporting Files";
			sourceTree = "<group>";
		};
		0FA6A54515A8E2A100BAE351 /* Classes */ = {
			isa = PBXGroup;
			children = (
				0FA6A54815A8E2D900BAE351 /* AppDelegate.h */,
				0FA6A54915A8E2D900BAE351 /* AppDelegate.m */,
				0FA6A54615A8E2A100BAE351 /* Core */,
				0FA6A54715A8E2A100BAE351 /* UI */,
			);
			path = Classes;
			sourceTree = "<group>";
		};
		0FA6A54615A8E2A100BAE351 /* Core */ = {
			isa = PBXGroup;
			children = (
				0FD5D40515AAEBEB00D7A4C8 /* Reachability.h */,
				0FD5D40615AAEBEB00D7A4C8 /* Reachability.m */,
				0FA6A55915A8EC5900BAE351 /* Result.h */,
				0FA6A55615A8EC0800BAE351 /* HttpConnection.h */,
				0FA6A55715A8EC0800BAE351 /* HttpConnection.m */,
				0FD5D3FA15AAE2DA00D7A4C8 /* MediaObject.h */,
				0FD5D3FB15AAE2DA00D7A4C8 /* MediaObject.m */,
				0FD5D40215AAE4D200D7A4C8 /* MediaHandler.h */,
				0FD5D40315AAE4D200D7A4C8 /* MediaHandler.m */,
				0FD5D40E15AAF47500D7A4C8 /* MediaParser.h */,
				0FD5D40F15AAF47500D7A4C8 /* MediaParser.m */,
			);
			path = Core;
			sourceTree = "<group>";
		};
		0FA6A54715A8E2A100BAE351 /* UI */ = {
			isa = PBXGroup;
			children = (
				0F87A46615AE34E400F86E9A /* AsyncImageView */,
				0F87A46015AE339000F86E9A /* GridViewController.h */,
				0F87A46115AE339000F86E9A /* GridViewController.m */,
				0FF1EDEF15AF598800B97647 /* GridViewController_iPad.xib */,
				0FF1EDF115AF59AA00B97647 /* GridViewController_iPhone.xib */,
				0F87A46315AE339000F86E9A /* ThumbnailViewController.h */,
				0F87A46415AE339000F86E9A /* ThumbnailViewController.m */,
				0FF1EDF515AF59FD00B97647 /* ThumbnailViewController_iPad.xib */,
				0FF1EDF315AF59F200B97647 /* ThumbnailViewController_iPhone.xib */,
				0FA6A54B15A8E2E800BAE351 /* ViewController.h */,
				0FA6A54C15A8E2E800BAE351 /* ViewController.m */,
				0FF1EE0615B0DE8C00B97647 /* ChoosePlaceViewController.h */,
				0FF1EE0715B0DE8C00B97647 /* ChoosePlaceViewController.m */,
				0FBABBA515B20C2200E6DEE9 /* SearchViewController.h */,
				0FBABBA615B20C2200E6DEE9 /* SearchViewController.m */,
				0FBABBA915B20C3700E6DEE9 /* RecentViewController.h */,
				0FBABBAA15B20C3700E6DEE9 /* RecentViewController.m */,
				0FBABBAC15B217BC00E6DEE9 /* WannaHideDelegate.h */,
				0FBABBBB15B22E0A00E6DEE9 /* LocationSelectedDelegate.h */,
				0FBABBBC15B320E600E6DEE9 /* SingleImageView.h */,
				0FBABBBD15B320E700E6DEE9 /* SingleImageView.m */,
			);
			path = UI;
			sourceTree = "<group>";
		};
/* End PBXGroup section */

/* Begin PBXNativeTarget section */
		0FA6A50115A8E13100BAE351 /* FooAround */ = {
			isa = PBXNativeTarget;
			buildConfigurationList = 0FA6A52315A8E13100BAE351 /* Build configuration list for PBXNativeTarget "FooAround" */;
			buildPhases = (
				0FA6A4FE15A8E13100BAE351 /* Sources */,
				0FA6A4FF15A8E13100BAE351 /* Frameworks */,
				0FA6A50015A8E13100BAE351 /* Resources */,
				0FF1EDFD15AF9E6A00B97647 /* ShellScript */,
			);
			buildRules = (
			);
			dependencies = (
			);
			name = FooAround;
			productName = FooAround;
			productReference = 0FA6A50215A8E13100BAE351 /* FooAround.app */;
			productType = "com.apple.product-type.application";
		};
/* End PBXNativeTarget section */

/* Begin PBXProject section */
		0FA6A4F915A8E13100BAE351 /* Project object */ = {
			isa = PBXProject;
			attributes = {
				LastUpgradeCheck = 0430;
			};
			buildConfigurationList = 0FA6A4FC15A8E13100BAE351 /* Build configuration list for PBXProject "FooAround" */;
			compatibilityVersion = "Xcode 3.2";
			developmentRegion = English;
			hasScannedForEncodings = 0;
			knownRegions = (
				en,
			);
			mainGroup = 0FA6A4F715A8E13100BAE351;
			productRefGroup = 0FA6A50315A8E13100BAE351 /* Products */;
			projectDirPath = "";
			projectRoot = "";
			targets = (
				0FA6A50115A8E13100BAE351 /* FooAround */,
			);
		};
/* End PBXProject section */

/* Begin PBXResourcesBuildPhase section */
		0FA6A50015A8E13100BAE351 /* Resources */ = {
			isa = PBXResourcesBuildPhase;
			buildActionMask = 2147483647;
			files = (
				0FA6A51115A8E13100BAE351 /* InfoPlist.strings in Resources */,
				0FA6A51D15A8E13100BAE351 /* ViewController_iPhone.xib in Resources */,
				0FA6A52015A8E13100BAE351 /* ViewController_iPad.xib in Resources */,
				0FF1EDF015AF598800B97647 /* GridViewController_iPad.xib in Resources */,
				0FF1EDF215AF59AA00B97647 /* GridViewController_iPhone.xib in Resources */,
				0FF1EDF415AF59F200B97647 /* ThumbnailViewController_iPhone.xib in Resources */,
				0FF1EDF615AF59FE00B97647 /* ThumbnailViewController_iPad.xib in Resources */,
				0FF1EDF815AF9D9000B97647 /* Localizable.strings in Resources */,
			);
			runOnlyForDeploymentPostprocessing = 0;
		};
/* End PBXResourcesBuildPhase section */

/* Begin PBXShellScriptBuildPhase section */
		0FF1EDFD15AF9E6A00B97647 /* ShellScript */ = {
			isa = PBXShellScriptBuildPhase;
			buildActionMask = 2147483647;
			files = (
			);
			inputPaths = (
			);
			outputPaths = (
			);
			runOnlyForDeploymentPostprocessing = 0;
			shellPath = /bin/sh;
			shellScript = "KEYWORDS=\"TODO:|FIXME:|\\?\\?\\?:|\\!\\!\\!:\"\nfind \"${SRCROOT}\" \\( -name \"*.h\" -or -name \"*.m\" \\) -print0 | xargs -0 egrep --with-filename --line-number --only-matching \"($KEYWORDS).*\\$\" | perl -p -e \"s/($KEYWORDS)/ warning: \\$1/\"";
		};
/* End PBXShellScriptBuildPhase section */

/* Begin PBXSourcesBuildPhase section */
		0FA6A4FE15A8E13100BAE351 /* Sources */ = {
			isa = PBXSourcesBuildPhase;
			buildActionMask = 2147483647;
			files = (
				0F87A46C15AE3CCB00F86E9A /* GridViewController.m in Sources */,
				0F87A46D15AE3CCB00F86E9A /* ThumbnailViewController.m in Sources */,
				0FA6A51315A8E13100BAE351 /* main.m in Sources */,
				0FA6A54A15A8E2D900BAE351 /* AppDelegate.m in Sources */,
				0FA6A54D15A8E2E800BAE351 /* ViewController.m in Sources */,
				0FA6A55815A8EC0800BAE351 /* HttpConnection.m in Sources */,
				0FD5D3FC15AAE2DA00D7A4C8 /* MediaObject.m in Sources */,
				0FD5D40415AAE4D300D7A4C8 /* MediaHandler.m in Sources */,
				0FD5D40715AAEBEB00D7A4C8 /* Reachability.m in Sources */,
				0FD5D41015AAF47500D7A4C8 /* MediaParser.m in Sources */,
				0F87A46915AE34E400F86E9A /* AsyncImageView.m in Sources */,
				0FF1EE0815B0DE8C00B97647 /* ChoosePlaceViewController.m in Sources */,
				0FBABBA715B20C2200E6DEE9 /* SearchViewController.m in Sources */,
				0FBABBAB15B20C3700E6DEE9 /* RecentViewController.m in Sources */,
				0FBABBBE15B320E700E6DEE9 /* SingleImageView.m in Sources */,
			);
			runOnlyForDeploymentPostprocessing = 0;
		};
/* End PBXSourcesBuildPhase section */

/* Begin PBXVariantGroup section */
		0FA6A50F15A8E13100BAE351 /* InfoPlist.strings */ = {
			isa = PBXVariantGroup;
			children = (
				0FA6A51015A8E13100BAE351 /* en */,
			);
			name = InfoPlist.strings;
			sourceTree = "<group>";
		};
		0FA6A51B15A8E13100BAE351 /* ViewController_iPhone.xib */ = {
			isa = PBXVariantGroup;
			children = (
				0FA6A51C15A8E13100BAE351 /* en */,
			);
			name = ViewController_iPhone.xib;
			sourceTree = "<group>";
		};
		0FA6A51E15A8E13100BAE351 /* ViewController_iPad.xib */ = {
			isa = PBXVariantGroup;
			children = (
				0FA6A51F15A8E13100BAE351 /* en */,
			);
			name = ViewController_iPad.xib;
			sourceTree = "<group>";
		};
/* End PBXVariantGroup section */

/* Begin XCBuildConfiguration section */
		0FA6A52115A8E13100BAE351 /* Debug */ = {
			isa = XCBuildConfiguration;
			buildSettings = {
				ALWAYS_SEARCH_USER_PATHS = NO;
				ARCHS = "$(ARCHS_STANDARD_32_BIT)";
				CODE_SIGN_IDENTITY = "iPhone Developer";
				"CODE_SIGN_IDENTITY[sdk=iphoneos*]" = "iPhone Developer";
				COPY_PHASE_STRIP = NO;
				GCC_C_LANGUAGE_STANDARD = gnu99;
				GCC_DYNAMIC_NO_PIC = NO;
				GCC_OPTIMIZATION_LEVEL = 0;
				GCC_PREPROCESSOR_DEFINITIONS = (
					"DEBUG=1",
					"$(inherited)",
				);
				GCC_SYMBOLS_PRIVATE_EXTERN = NO;
				GCC_VERSION = com.apple.compilers.llvm.clang.1_0;
				GCC_WARN_ABOUT_RETURN_TYPE = YES;
				GCC_WARN_UNINITIALIZED_AUTOS = YES;
				GCC_WARN_UNUSED_VARIABLE = YES;
				IPHONEOS_DEPLOYMENT_TARGET = 5.1;
				PROVISIONING_PROFILE = "";
				SDKROOT = iphoneos;
				TARGETED_DEVICE_FAMILY = "1,2";
			};
			name = Debug;
		};
		0FA6A52215A8E13100BAE351 /* Release */ = {
			isa = XCBuildConfiguration;
			buildSettings = {
				ALWAYS_SEARCH_USER_PATHS = NO;
				ARCHS = "$(ARCHS_STANDARD_32_BIT)";
				CODE_SIGN_IDENTITY = "iPhone Developer";
				"CODE_SIGN_IDENTITY[sdk=iphoneos*]" = "iPhone Developer";
				COPY_PHASE_STRIP = YES;
				GCC_C_LANGUAGE_STANDARD = gnu99;
				GCC_VERSION = com.apple.compilers.llvm.clang.1_0;
				GCC_WARN_ABOUT_RETURN_TYPE = YES;
				GCC_WARN_UNINITIALIZED_AUTOS = YES;
				GCC_WARN_UNUSED_VARIABLE = YES;
				IPHONEOS_DEPLOYMENT_TARGET = 5.1;
				OTHER_CFLAGS = "-DNS_BLOCK_ASSERTIONS=1";
				PROVISIONING_PROFILE = "";
				SDKROOT = iphoneos;
				TARGETED_DEVICE_FAMILY = "1,2";
				VALIDATE_PRODUCT = YES;
			};
			name = Release;
		};
		0FA6A52415A8E13100BAE351 /* Debug */ = {
			isa = XCBuildConfiguration;
			buildSettings = {
				GCC_PRECOMPILE_PREFIX_HEADER = YES;
				GCC_PREFIX_HEADER = "FooAround/FooAround-Prefix.pch";
				INFOPLIST_FILE = "FooAround/FooAround-Info.plist";
				PRODUCT_NAME = "$(TARGET_NAME)";
				WRAPPER_EXTENSION = app;
			};
			name = Debug;
		};
		0FA6A52515A8E13100BAE351 /* Release */ = {
			isa = XCBuildConfiguration;
			buildSettings = {
				GCC_PRECOMPILE_PREFIX_HEADER = YES;
				GCC_PREFIX_HEADER = "FooAround/FooAround-Prefix.pch";
				INFOPLIST_FILE = "FooAround/FooAround-Info.plist";
				PRODUCT_NAME = "$(TARGET_NAME)";
				WRAPPER_EXTENSION = app;
			};
			name = Release;
		};
/* End XCBuildConfiguration section */

/* Begin XCConfigurationList section */
		0FA6A4FC15A8E13100BAE351 /* Build configuration list for PBXProject "FooAround" */ = {
			isa = XCConfigurationList;
			buildConfigurations = (
				0FA6A52115A8E13100BAE351 /* Debug */,
				0FA6A52215A8E13100BAE351 /* Release */,
			);
			defaultConfigurationIsVisible = 0;
			defaultConfigurationName = Release;
		};
		0FA6A52315A8E13100BAE351 /* Build configuration list for PBXNativeTarget "FooAround" */ = {
			isa = XCConfigurationList;
			buildConfigurations = (
				0FA6A52415A8E13100BAE351 /* Debug */,
				0FA6A52515A8E13100BAE351 /* Release */,
			);
			defaultConfigurationIsVisible = 0;
			defaultConfigurationName = Release;
		};
/* End XCConfigurationList section */
	};
	rootObject = 0FA6A4F915A8E13100BAE351 /* Project object */;
}
